# This file is automatically @generated by Cargo.
# It is not intended for manual editing.
version = 4

[[package]]
name = "a"
version = "0.0.1"
dependencies = [
 "b",
 "ioc_core",
]

[[package]]
name = "b"
version = "0.0.1"
dependencies = [
 "ioc_core",
]

[[package]]
name = "cmd"
version = "0.0.1"
dependencies = [
 "a",
 "ioc_core",
]

[[package]]
name = "ioc_core"
version = "0.0.1"

[[package]]
name = "ioc_core_macro"
version = "0.0.1"
